{
  "name": "@endorphinjs/rollup-plugin-endorphin",
  "version": "0.8.5",
  "lockfileVersion": 2,
  "requires": true,
  "packages": {
    "": {
      "name": "@endorphinjs/rollup-plugin-endorphin",
      "version": "0.8.5",
      "license": "Apache-2.0",
      "dependencies": {
        "rollup-pluginutils": "^2.8.2",
        "source-map": "^0.7.3",
        "typescript": "^4.2.4"
      },
      "devDependencies": {
        "@endorphinjs/template-compiler": "^0.8.7",
        "@types/node": "^14.0.0",
        "rollup": "^2.47.0"
      },
      "peerDependencies": {
        "endorphin": "*"
      }
    },
    "node_modules/@endorphinjs/css-module": {
      "version": "0.9.0",
      "resolved": "https://registry.npmjs.org/@endorphinjs/css-module/-/css-module-0.9.0.tgz",
      "integrity": "sha512-NFhjmNWUw0d8lTeiAHN6H2PrbYrKPsFyeYLZJ0S2mx+D8ekK15vEbH31bnkhpijp6CDspOzGZCVYOrRDFAZnMw==",
      "peer": true,
      "dependencies": {
        "css-tree": "^1.0.0-alpha.29"
      }
    },
    "node_modules/@endorphinjs/template-compiler": {
      "version": "0.8.7",
      "resolved": "https://registry.npmjs.org/@endorphinjs/template-compiler/-/template-compiler-0.8.7.tgz",
      "integrity": "sha512-2HswlM6gZ1mGHyl84OOH0p3GeS36QMzfvyEtjS5fx0+vP0CYDMPdA5k5THR8Izp4rZKnHtmAsvriTpc709Zd+Q==",
      "dev": true,
      "dependencies": {
        "@endorphinjs/template-parser": "^0.8.7",
        "entities": "^1.1.2",
        "source-map": "^0.7.3"
      }
    },
    "node_modules/@endorphinjs/template-parser": {
      "version": "0.8.7",
      "resolved": "https://registry.npmjs.org/@endorphinjs/template-parser/-/template-parser-0.8.7.tgz",
      "integrity": "sha512-iNWqICKKcVbJ0FxyOF1C1mkUn9x6xCcyT2xNnetXw2gvccrCWSoC8FppAAyKs8uDaWoGC0KEHQN/QEETDR694A==",
      "dev": true,
      "dependencies": {
        "acorn": "^7.1.0",
        "acorn-walk": "^7.0.0"
      }
    },
    "node_modules/@endorphinjs/template-parser/node_modules/acorn-walk": {
      "version": "7.2.0",
      "resolved": "https://registry.npmjs.org/acorn-walk/-/acorn-walk-7.2.0.tgz",
      "integrity": "sha512-OPdCF6GsMIP+Az+aWfAAOEt2/+iVDKE7oy6lJ098aoe59oAmK76qV6Gw60SbZ8jHuG2wH058GF4pLFbYamYrVA==",
      "dev": true,
      "engines": {
        "node": ">=0.4.0"
      }
    },
    "node_modules/@endorphinjs/template-runtime": {
      "version": "0.9.6-alpha.5",
      "resolved": "https://registry.npmjs.org/@endorphinjs/template-runtime/-/template-runtime-0.9.6-alpha.5.tgz",
      "integrity": "sha512-+BKNnCJPrpMwV9jXh5zVUHqPjX5pXiie3mBKP9KdAu31oXXQ9jtl8e1FjeLg427SxVrluBxm5saQX38SX/hCYQ==",
      "peer": true
    },
    "node_modules/@types/node": {
      "version": "14.14.45",
      "resolved": "https://registry.npmjs.org/@types/node/-/node-14.14.45.tgz",
      "integrity": "sha512-DssMqTV9UnnoxDWu959sDLZzfvqCF0qDNRjaWeYSui9xkFe61kKo4l1TWNTQONpuXEm+gLMRvdlzvNHBamzmEw==",
      "dev": true
    },
    "node_modules/acorn": {
      "version": "7.4.1",
      "resolved": "https://registry.npmjs.org/acorn/-/acorn-7.4.1.tgz",
      "integrity": "sha512-nQyp0o1/mNdbTO1PO6kHkwSrmgZ0MT/jCCpNiwbUjGoRN4dlBhqJtoQuCnEOKzgTVwg0ZWiCoQy6SxMebQVh8A==",
      "dev": true,
      "bin": {
        "acorn": "bin/acorn"
      },
      "engines": {
        "node": ">=0.4.0"
      }
    },
    "node_modules/acorn-walk": {
      "version": "8.2.0",
      "resolved": "https://registry.npmjs.org/acorn-walk/-/acorn-walk-8.2.0.tgz",
      "integrity": "sha512-k+iyHEuPgSw6SbuDpGQM+06HQUa04DZ3o+F6CSzXMvvI5KMvnaEqXe+YVe555R9nn6GPt404fos4wcgpw12SDA==",
      "peer": true,
      "engines": {
        "node": ">=0.4.0"
      }
    },
    "node_modules/css-tree": {
      "version": "1.1.3",
      "resolved": "https://registry.npmjs.org/css-tree/-/css-tree-1.1.3.tgz",
      "integrity": "sha512-tRpdppF7TRazZrjJ6v3stzv93qxRcSsFmW6cX0Zm2NVKpxE1WV1HblnghVv9TreireHkqI/VDEsfolRF1p6y7Q==",
      "peer": true,
      "dependencies": {
        "mdn-data": "2.0.14",
        "source-map": "^0.6.1"
      },
      "engines": {
        "node": ">=8.0.0"
      }
    },
    "node_modules/css-tree/node_modules/source-map": {
      "version": "0.6.1",
      "resolved": "https://registry.npmjs.org/source-map/-/source-map-0.6.1.tgz",
      "integrity": "sha512-UjgapumWlbMhkBgzT7Ykc5YXUT46F0iKu8SGXq0bcwP5dz/h0Plj6enJqjz1Zbq2l5WaqYnrVbwWOWMyF3F47g==",
      "peer": true,
      "engines": {
        "node": ">=0.10.0"
      }
    },
    "node_modules/endorphin": {
      "version": "0.9.6-alpha.5",
      "resolved": "https://registry.npmjs.org/endorphin/-/endorphin-0.9.6-alpha.5.tgz",
      "integrity": "sha512-KkYj4NMUbtmRhoJcIkbji82lEAP5LJdkiffBA+S7DL1EJ3DQMBYbgoC9L+nWwBjiNgUdvLwQdHBi6J0Gbj1lOQ==",
      "peer": true,
      "dependencies": {
        "@endorphinjs/css-module": "^0.9.0",
        "@endorphinjs/template-compiler": "^0.9.3",
        "@endorphinjs/template-runtime": "^0.9.6-alpha.5",
        "source-map": "^0.7.3"
      }
    },
    "node_modules/endorphin/node_modules/@endorphinjs/template-compiler": {
      "version": "0.9.3",
      "resolved": "https://registry.npmjs.org/@endorphinjs/template-compiler/-/template-compiler-0.9.3.tgz",
      "integrity": "sha512-wpdh6xu/MiG2fRZmUxPgJ+llyv1GW2YZwTtfI4uvAfER9NPd17UBzE+8HO3WvKh690vZEFfmMwZvZbtpKhYzeg==",
      "peer": true,
      "dependencies": {
        "@endorphinjs/template-parser": "^0.9.0",
        "entities": "^1.1.2",
        "source-map": "^0.7.3"
      }
    },
    "node_modules/endorphin/node_modules/@endorphinjs/template-parser": {
      "version": "0.9.0",
      "resolved": "https://registry.npmjs.org/@endorphinjs/template-parser/-/template-parser-0.9.0.tgz",
      "integrity": "sha512-NdGsQ7qMkTmDJebK2G1g6g+MFuAI8F0arj7HM1iD10vVzgOIBOYuP+wI0VNulV6+QtlJB6ErTr6UFePLKW/ZtA==",
      "peer": true,
      "dependencies": {
        "acorn": "^8.4.1",
        "acorn-walk": "^8.1.1"
      }
    },
    "node_modules/endorphin/node_modules/acorn": {
      "version": "8.8.1",
      "resolved": "https://registry.npmjs.org/acorn/-/acorn-8.8.1.tgz",
      "integrity": "sha512-7zFpHzhnqYKrkYdUjF1HI1bzd0VygEGX8lFk4k5zVMqHEoES+P+7TKI+EvLO9WVMJ8eekdO0aDEK044xTXwPPA==",
      "peer": true,
      "bin": {
        "acorn": "bin/acorn"
      },
      "engines": {
        "node": ">=0.4.0"
      }
    },
    "node_modules/entities": {
      "version": "1.1.2",
      "resolved": "https://registry.npmjs.org/entities/-/entities-1.1.2.tgz",
      "integrity": "sha512-f2LZMYl1Fzu7YSBKg+RoROelpOaNrcGmE9AZubeDfrCEia483oW4MI4VyFd5VNHIgQ/7qm1I0wUHK1eJnn2y2w=="
    },
    "node_modules/estree-walker": {
      "version": "0.6.1",
      "resolved": "https://registry.npmjs.org/estree-walker/-/estree-walker-0.6.1.tgz",
      "integrity": "sha512-SqmZANLWS0mnatqbSfRP5g8OXZC12Fgg1IwNtLsyHDzJizORW4khDfjPqJZsemPWBB2uqykUah5YpQ6epsqC/w=="
    },
    "node_modules/fsevents": {
      "version": "2.3.2",
      "resolved": "https://registry.npmjs.org/fsevents/-/fsevents-2.3.2.tgz",
      "integrity": "sha512-xiqMQR4xAeHTuB9uWm+fFRcIOgKBMiOBP+eXiyT7jsgVCq1bkVygt00oASowB7EdtpOHaaPgKt812P9ab+DDKA==",
      "dev": true,
      "hasInstallScript": true,
      "optional": true,
      "os": [
        "darwin"
      ],
      "engines": {
        "node": "^8.16.0 || ^10.6.0 || >=11.0.0"
      }
    },
    "node_modules/mdn-data": {
      "version": "2.0.14",
      "resolved": "https://registry.npmjs.org/mdn-data/-/mdn-data-2.0.14.tgz",
      "integrity": "sha512-dn6wd0uw5GsdswPFfsgMp5NSB0/aDe6fK94YJV/AJDYXL6HVLWBsxeq7js7Ad+mU2K9LAlwpk6kN2D5mwCPVow==",
      "peer": true
    },
    "node_modules/rollup": {
      "version": "2.47.0",
      "resolved": "https://registry.npmjs.org/rollup/-/rollup-2.47.0.tgz",
      "integrity": "sha512-rqBjgq9hQfW0vRmz+0S062ORRNJXvwRpzxhFXORvar/maZqY6za3rgQ/p1Glg+j1hnc1GtYyQCPiAei95uTElg==",
      "dev": true,
      "bin": {
        "rollup": "dist/bin/rollup"
      },
      "engines": {
        "node": ">=10.0.0"
      },
      "optionalDependencies": {
        "fsevents": "~2.3.1"
      }
    },
    "node_modules/rollup-pluginutils": {
      "version": "2.8.2",
      "resolved": "https://registry.npmjs.org/rollup-pluginutils/-/rollup-pluginutils-2.8.2.tgz",
      "integrity": "sha512-EEp9NhnUkwY8aif6bxgovPHMoMoNr2FulJziTndpt5H9RdwC47GSGuII9XxpSdzVGM0GWrNPHV6ie1LTNJPaLQ==",
      "dependencies": {
        "estree-walker": "^0.6.1"
      }
    },
    "node_modules/source-map": {
      "version": "0.7.3",
      "resolved": "https://registry.npmjs.org/source-map/-/source-map-0.7.3.tgz",
      "integrity": "sha512-CkCj6giN3S+n9qrYiBTX5gystlENnRW5jZeNLHpe6aue+SrHcG5VYwujhW9s4dY31mEGsxBDrHR6oI69fTXsaQ==",
      "engines": {
        "node": ">= 8"
      }
    },
    "node_modules/typescript": {
      "version": "4.2.4",
      "resolved": "https://registry.npmjs.org/typescript/-/typescript-4.2.4.tgz",
      "integrity": "sha512-V+evlYHZnQkaz8TRBuxTA92yZBPotr5H+WhQ7bD3hZUndx5tGOa1fuCgeSjxAzM1RiN5IzvadIXTVefuuwZCRg==",
      "bin": {
        "tsc": "bin/tsc",
        "tsserver": "bin/tsserver"
      },
      "engines": {
        "node": ">=4.2.0"
      }
    }
  },
  "dependencies": {
    "@endorphinjs/css-module": {
      "version": "0.9.0",
      "resolved": "https://registry.npmjs.org/@endorphinjs/css-module/-/css-module-0.9.0.tgz",
      "integrity": "sha512-NFhjmNWUw0d8lTeiAHN6H2PrbYrKPsFyeYLZJ0S2mx+D8ekK15vEbH31bnkhpijp6CDspOzGZCVYOrRDFAZnMw==",
      "peer": true,
      "requires": {
        "css-tree": "^1.0.0-alpha.29"
      }
    },
    "@endorphinjs/template-compiler": {
      "version": "0.8.7",
      "resolved": "https://registry.npmjs.org/@endorphinjs/template-compiler/-/template-compiler-0.8.7.tgz",
      "integrity": "sha512-2HswlM6gZ1mGHyl84OOH0p3GeS36QMzfvyEtjS5fx0+vP0CYDMPdA5k5THR8Izp4rZKnHtmAsvriTpc709Zd+Q==",
      "dev": true,
      "requires": {
        "@endorphinjs/template-parser": "^0.8.7",
        "entities": "^1.1.2",
        "source-map": "^0.7.3"
      }
    },
    "@endorphinjs/template-parser": {
      "version": "0.8.7",
      "resolved": "https://registry.npmjs.org/@endorphinjs/template-parser/-/template-parser-0.8.7.tgz",
      "integrity": "sha512-iNWqICKKcVbJ0FxyOF1C1mkUn9x6xCcyT2xNnetXw2gvccrCWSoC8FppAAyKs8uDaWoGC0KEHQN/QEETDR694A==",
      "dev": true,
      "requires": {
        "acorn": "^7.1.0",
        "acorn-walk": "^7.0.0"
      },
      "dependencies": {
        "acorn-walk": {
          "version": "7.2.0",
          "resolved": "https://registry.npmjs.org/acorn-walk/-/acorn-walk-7.2.0.tgz",
          "integrity": "sha512-OPdCF6GsMIP+Az+aWfAAOEt2/+iVDKE7oy6lJ098aoe59oAmK76qV6Gw60SbZ8jHuG2wH058GF4pLFbYamYrVA==",
          "dev": true
        }
      }
    },
    "@endorphinjs/template-runtime": {
      "version": "0.9.6-alpha.5",
      "resolved": "https://registry.npmjs.org/@endorphinjs/template-runtime/-/template-runtime-0.9.6-alpha.5.tgz",
      "integrity": "sha512-+BKNnCJPrpMwV9jXh5zVUHqPjX5pXiie3mBKP9KdAu31oXXQ9jtl8e1FjeLg427SxVrluBxm5saQX38SX/hCYQ==",
      "peer": true
    },
    "@types/node": {
      "version": "14.14.45",
      "resolved": "https://registry.npmjs.org/@types/node/-/node-14.14.45.tgz",
      "integrity": "sha512-DssMqTV9UnnoxDWu959sDLZzfvqCF0qDNRjaWeYSui9xkFe61kKo4l1TWNTQONpuXEm+gLMRvdlzvNHBamzmEw==",
      "dev": true
    },
    "acorn": {
      "version": "7.4.1",
      "resolved": "https://registry.npmjs.org/acorn/-/acorn-7.4.1.tgz",
      "integrity": "sha512-nQyp0o1/mNdbTO1PO6kHkwSrmgZ0MT/jCCpNiwbUjGoRN4dlBhqJtoQuCnEOKzgTVwg0ZWiCoQy6SxMebQVh8A==",
      "dev": true
    },
    "acorn-walk": {
      "version": "8.2.0",
      "resolved": "https://registry.npmjs.org/acorn-walk/-/acorn-walk-8.2.0.tgz",
      "integrity": "sha512-k+iyHEuPgSw6SbuDpGQM+06HQUa04DZ3o+F6CSzXMvvI5KMvnaEqXe+YVe555R9nn6GPt404fos4wcgpw12SDA==",
      "peer": true
    },
    "css-tree": {
      "version": "1.1.3",
      "resolved": "https://registry.npmjs.org/css-tree/-/css-tree-1.1.3.tgz",
      "integrity": "sha512-tRpdppF7TRazZrjJ6v3stzv93qxRcSsFmW6cX0Zm2NVKpxE1WV1HblnghVv9TreireHkqI/VDEsfolRF1p6y7Q==",
      "peer": true,
      "requires": {
        "mdn-data": "2.0.14",
        "source-map": "^0.6.1"
      },
      "dependencies": {
        "source-map": {
          "version": "0.6.1",
          "resolved": "https://registry.npmjs.org/source-map/-/source-map-0.6.1.tgz",
          "integrity": "sha512-UjgapumWlbMhkBgzT7Ykc5YXUT46F0iKu8SGXq0bcwP5dz/h0Plj6enJqjz1Zbq2l5WaqYnrVbwWOWMyF3F47g==",
          "peer": true
        }
      }
    },
    "endorphin": {
      "version": "0.9.6-alpha.5",
      "resolved": "https://registry.npmjs.org/endorphin/-/endorphin-0.9.6-alpha.5.tgz",
      "integrity": "sha512-KkYj4NMUbtmRhoJcIkbji82lEAP5LJdkiffBA+S7DL1EJ3DQMBYbgoC9L+nWwBjiNgUdvLwQdHBi6J0Gbj1lOQ==",
      "peer": true,
      "requires": {
        "@endorphinjs/css-module": "^0.9.0",
        "@endorphinjs/template-compiler": "^0.9.3",
        "@endorphinjs/template-runtime": "^0.9.6-alpha.5",
        "source-map": "^0.7.3"
      },
      "dependencies": {
        "@endorphinjs/template-compiler": {
          "version": "0.9.3",
          "resolved": "https://registry.npmjs.org/@endorphinjs/template-compiler/-/template-compiler-0.9.3.tgz",
          "integrity": "sha512-wpdh6xu/MiG2fRZmUxPgJ+llyv1GW2YZwTtfI4uvAfER9NPd17UBzE+8HO3WvKh690vZEFfmMwZvZbtpKhYzeg==",
          "peer": true,
          "requires": {
            "@endorphinjs/template-parser": "^0.9.0",
            "entities": "^1.1.2",
            "source-map": "^0.7.3"
          }
        },
        "@endorphinjs/template-parser": {
          "version": "0.9.0",
          "resolved": "https://registry.npmjs.org/@endorphinjs/template-parser/-/template-parser-0.9.0.tgz",
          "integrity": "sha512-NdGsQ7qMkTmDJebK2G1g6g+MFuAI8F0arj7HM1iD10vVzgOIBOYuP+wI0VNulV6+QtlJB6ErTr6UFePLKW/ZtA==",
          "peer": true,
          "requires": {
            "acorn": "^8.4.1",
            "acorn-walk": "^8.1.1"
          }
        },
        "acorn": {
          "version": "8.8.1",
          "resolved": "https://registry.npmjs.org/acorn/-/acorn-8.8.1.tgz",
          "integrity": "sha512-7zFpHzhnqYKrkYdUjF1HI1bzd0VygEGX8lFk4k5zVMqHEoES+P+7TKI+EvLO9WVMJ8eekdO0aDEK044xTXwPPA==",
          "peer": true
        }
      }
    },
    "entities": {
      "version": "1.1.2",
      "resolved": "https://registry.npmjs.org/entities/-/entities-1.1.2.tgz",
      "integrity": "sha512-f2LZMYl1Fzu7YSBKg+RoROelpOaNrcGmE9AZubeDfrCEia483oW4MI4VyFd5VNHIgQ/7qm1I0wUHK1eJnn2y2w=="
    },
    "estree-walker": {
      "version": "0.6.1",
      "resolved": "https://registry.npmjs.org/estree-walker/-/estree-walker-0.6.1.tgz",
      "integrity": "sha512-SqmZANLWS0mnatqbSfRP5g8OXZC12Fgg1IwNtLsyHDzJizORW4khDfjPqJZsemPWBB2uqykUah5YpQ6epsqC/w=="
    },
    "fsevents": {
      "version": "2.3.2",
      "resolved": "https://registry.npmjs.org/fsevents/-/fsevents-2.3.2.tgz",
      "integrity": "sha512-xiqMQR4xAeHTuB9uWm+fFRcIOgKBMiOBP+eXiyT7jsgVCq1bkVygt00oASowB7EdtpOHaaPgKt812P9ab+DDKA==",
      "dev": true,
      "optional": true
    },
    "mdn-data": {
      "version": "2.0.14",
      "resolved": "https://registry.npmjs.org/mdn-data/-/mdn-data-2.0.14.tgz",
      "integrity": "sha512-dn6wd0uw5GsdswPFfsgMp5NSB0/aDe6fK94YJV/AJDYXL6HVLWBsxeq7js7Ad+mU2K9LAlwpk6kN2D5mwCPVow==",
      "peer": true
    },
    "rollup": {
      "version": "2.47.0",
      "resolved": "https://registry.npmjs.org/rollup/-/rollup-2.47.0.tgz",
      "integrity": "sha512-rqBjgq9hQfW0vRmz+0S062ORRNJXvwRpzxhFXORvar/maZqY6za3rgQ/p1Glg+j1hnc1GtYyQCPiAei95uTElg==",
      "dev": true,
      "requires": {
        "fsevents": "~2.3.1"
      }
    },
    "rollup-pluginutils": {
      "version": "2.8.2",
      "resolved": "https://registry.npmjs.org/rollup-pluginutils/-/rollup-pluginutils-2.8.2.tgz",
      "integrity": "sha512-EEp9NhnUkwY8aif6bxgovPHMoMoNr2FulJziTndpt5H9RdwC47GSGuII9XxpSdzVGM0GWrNPHV6ie1LTNJPaLQ==",
      "requires": {
        "estree-walker": "^0.6.1"
      }
    },
    "source-map": {
      "version": "0.7.3",
      "resolved": "https://registry.npmjs.org/source-map/-/source-map-0.7.3.tgz",
      "integrity": "sha512-CkCj6giN3S+n9qrYiBTX5gystlENnRW5jZeNLHpe6aue+SrHcG5VYwujhW9s4dY31mEGsxBDrHR6oI69fTXsaQ=="
    },
    "typescript": {
      "version": "4.2.4",
      "resolved": "https://registry.npmjs.org/typescript/-/typescript-4.2.4.tgz",
      "integrity": "sha512-V+evlYHZnQkaz8TRBuxTA92yZBPotr5H+WhQ7bD3hZUndx5tGOa1fuCgeSjxAzM1RiN5IzvadIXTVefuuwZCRg=="
    }
  }
}
